
Microsoft Visual Studio Solution File, Format Version 12.00
# Visual Studio Version 17
VisualStudioVersion = 17.3.32819.101
MinimumVisualStudioVersion = 10.0.40219.1
Project("{FAE04EC0-301F-11D3-BF4B-00C04F79EFBC}") = "InventoryControlSystem", "InventoryControlSystem\InventoryControlSystem.csproj", "{2A4CB7A0-B989-401F-9F21-945B7ACAA38E}"
EndProject
Global
	GlobalSection(SolutionConfigurationPlatforms) = preSolution
		Debug|Any CPU = Debug|Any CPU
		Release|Any CPU = Release|Any CPU
	EndGlobalSection
	GlobalSection(ProjectConfigurationPlatforms) = postSolution
		{2A4CB7A0-B989-401F-9F21-945B7ACAA38E}.Debug|Any CPU.ActiveCfg = Debug|Any CPU
		{2A4CB7A0-B989-401F-9F21-945B7ACAA38E}.Debug|Any CPU.Build.0 = Debug|Any CPU
		{2A4CB7A0-B989-401F-9F21-945B7ACAA38E}.Release|Any CPU.ActiveCfg = Release|Any CPU
		{2A4CB7A0-B989-401F-9F21-945B7ACAA38E}.Release|Any CPU.Build.0 = Release|Any CPU
	EndGlobalSection
	GlobalSection(SolutionProperties) = preSolution
		HideSolutionNode = FALSE
	EndGlobalSection
	GlobalSection(ExtensibilityGlobals) = postSolution
		SolutionGuid = {1C7DFDB1-4D58-452A-B4D2-5C7627EDE58D}
	EndGlobalSection
EndGlobal
